// !$*UTF8*$!
{
	archiveVersion = 1;
	classes = {
	};
	objectVersion = 56;
	objects = {

/* Begin PBXBuildFile section */
		124591F92AB8D4C300E50CBA /* AppDelegate.swift in Sources */ = {isa = PBXBuildFile; fileRef = 124591F82AB8D4C300E50CBA /* AppDelegate.swift */; };
		124591FB2AB8D4C300E50CBA /* SceneDelegate.swift in Sources */ = {isa = PBXBuildFile; fileRef = 124591FA2AB8D4C300E50CBA /* SceneDelegate.swift */; };
		124592002AB8D4C300E50CBA /* Main.storyboard in Resources */ = {isa = PBXBuildFile; fileRef = 124591FE2AB8D4C300E50CBA /* Main.storyboard */; };
		124592032AB8D4C300E50CBA /* AmlakApp.xcdatamodeld in Sources */ = {isa = PBXBuildFile; fileRef = 124592012AB8D4C300E50CBA /* AmlakApp.xcdatamodeld */; };
		124592052AB8D4C400E50CBA /* Assets.xcassets in Resources */ = {isa = PBXBuildFile; fileRef = 124592042AB8D4C400E50CBA /* Assets.xcassets */; };
		124592082AB8D4C400E50CBA /* LaunchScreen.storyboard in Resources */ = {isa = PBXBuildFile; fileRef = 124592062AB8D4C400E50CBA /* LaunchScreen.storyboard */; };
		1273DA232ABD4CF300DF1264 /* AttachmentViewController.swift in Sources */ = {isa = PBXBuildFile; fileRef = 1273DA222ABD4CF300DF1264 /* AttachmentViewController.swift */; };
		1273DA252ABD553200DF1264 /* Utils.swift in Sources */ = {isa = PBXBuildFile; fileRef = 1273DA242ABD553200DF1264 /* Utils.swift */; };
		1273DA272ABD651F00DF1264 /* FetchMethods.swift in Sources */ = {isa = PBXBuildFile; fileRef = 1273DA262ABD651F00DF1264 /* FetchMethods.swift */; };
		1273DA3F2ABD66BD00DF1264 /* MelkDetailAttachment.swift in Sources */ = {isa = PBXBuildFile; fileRef = 1273DA3C2ABD66BD00DF1264 /* MelkDetailAttachment.swift */; };
		1273DA402ABD66BD00DF1264 /* Melk.swift in Sources */ = {isa = PBXBuildFile; fileRef = 1273DA3D2ABD66BD00DF1264 /* Melk.swift */; };
		1273DA412ABD66BD00DF1264 /* MelkDetail.swift in Sources */ = {isa = PBXBuildFile; fileRef = 1273DA3E2ABD66BD00DF1264 /* MelkDetail.swift */; };
		1273DA432ABD759100DF1264 /* TokenManager.swift in Sources */ = {isa = PBXBuildFile; fileRef = 1273DA422ABD759000DF1264 /* TokenManager.swift */; };
		1273DA452ABD763100DF1264 /* NetworkManager.swift in Sources */ = {isa = PBXBuildFile; fileRef = 1273DA442ABD763100DF1264 /* NetworkManager.swift */; };
		1273DA472ABD767600DF1264 /* User.swift in Sources */ = {isa = PBXBuildFile; fileRef = 1273DA462ABD767600DF1264 /* User.swift */; };
		1273DA492ABDAA6D00DF1264 /* CircularProgressView.swift in Sources */ = {isa = PBXBuildFile; fileRef = 1273DA482ABDAA6D00DF1264 /* CircularProgressView.swift */; };
		1273DA4E2ABDEC3B00DF1264 /* AmlakApp.sqlite in Resources */ = {isa = PBXBuildFile; fileRef = 1273DA4B2ABDEC3B00DF1264 /* AmlakApp.sqlite */; };
		1273DA4F2ABDEC3B00DF1264 /* AmlakApp.sqlite-shm in Resources */ = {isa = PBXBuildFile; fileRef = 1273DA4C2ABDEC3B00DF1264 /* AmlakApp.sqlite-shm */; };
		1273DA502ABDEC3B00DF1264 /* AmlakApp.sqlite-wal in Resources */ = {isa = PBXBuildFile; fileRef = 1273DA4D2ABDEC3B00DF1264 /* AmlakApp.sqlite-wal */; };
		128DFB9A2ABD47E000658EAE /* LoginViewController.swift in Sources */ = {isa = PBXBuildFile; fileRef = 128DFB992ABD47E000658EAE /* LoginViewController.swift */; };
		128DFB9E2ABD480900658EAE /* MelkDetailViewController.swift in Sources */ = {isa = PBXBuildFile; fileRef = 128DFB9D2ABD480900658EAE /* MelkDetailViewController.swift */; };
		128DFBA02ABD481500658EAE /* MelkViewController.swift in Sources */ = {isa = PBXBuildFile; fileRef = 128DFB9F2ABD481500658EAE /* MelkViewController.swift */; };
		128DFBA22ABD482E00658EAE /* MelkDetailAttachmentViewController.swift in Sources */ = {isa = PBXBuildFile; fileRef = 128DFBA12ABD482E00658EAE /* MelkDetailAttachmentViewController.swift */; };
		128DFBA42ABD484600658EAE /* MelkTableViewCell.swift in Sources */ = {isa = PBXBuildFile; fileRef = 128DFBA32ABD484600658EAE /* MelkTableViewCell.swift */; };
		128DFBA62ABD485200658EAE /* MelkDetailTableViewCell.swift in Sources */ = {isa = PBXBuildFile; fileRef = 128DFBA52ABD485200658EAE /* MelkDetailTableViewCell.swift */; };
		128DFBA82ABD487100658EAE /* MelkDetailAttachmentTableViewCell.swift in Sources */ = {isa = PBXBuildFile; fileRef = 128DFBA72ABD487100658EAE /* MelkDetailAttachmentTableViewCell.swift */; };
/* End PBXBuildFile section */

/* Begin PBXFileReference section */
		124591F52AB8D4C300E50CBA /* AmlakApp.app */ = {isa = PBXFileReference; explicitFileType = wrapper.application; includeInIndex = 0; path = AmlakApp.app; sourceTree = BUILT_PRODUCTS_DIR; };
		124591F82AB8D4C300E50CBA /* AppDelegate.swift */ = {isa = PBXFileReference; lastKnownFileType = sourcecode.swift; path = AppDelegate.swift; sourceTree = "<group>"; };
		124591FA2AB8D4C300E50CBA /* SceneDelegate.swift */ = {isa = PBXFileReference; lastKnownFileType = sourcecode.swift; path = SceneDelegate.swift; sourceTree = "<group>"; };
		124591FF2AB8D4C300E50CBA /* Base */ = {isa = PBXFileReference; lastKnownFileType = file.storyboard; name = Base; path = Base.lproj/Main.storyboard; sourceTree = "<group>"; };
		124592022AB8D4C300E50CBA /* AmlakApp.xcdatamodel */ = {isa = PBXFileReference; lastKnownFileType = wrapper.xcdatamodel; path = AmlakApp.xcdatamodel; sourceTree = "<group>"; };
		124592042AB8D4C400E50CBA /* Assets.xcassets */ = {isa = PBXFileReference; lastKnownFileType = folder.assetcatalog; path = Assets.xcassets; sourceTree = "<group>"; };
		124592072AB8D4C400E50CBA /* Base */ = {isa = PBXFileReference; lastKnownFileType = file.storyboard; name = Base; path = Base.lproj/LaunchScreen.storyboard; sourceTree = "<group>"; };
		124592092AB8D4C400E50CBA /* Info.plist */ = {isa = PBXFileReference; lastKnownFileType = text.plist.xml; path = Info.plist; sourceTree = "<group>"; };
		1273DA222ABD4CF300DF1264 /* AttachmentViewController.swift */ = {isa = PBXFileReference; lastKnownFileType = sourcecode.swift; path = AttachmentViewController.swift; sourceTree = "<group>"; };
		1273DA242ABD553200DF1264 /* Utils.swift */ = {isa = PBXFileReference; lastKnownFileType = sourcecode.swift; path = Utils.swift; sourceTree = "<group>"; };
		1273DA262ABD651F00DF1264 /* FetchMethods.swift */ = {isa = PBXFileReference; lastKnownFileType = sourcecode.swift; path = FetchMethods.swift; sourceTree = "<group>"; };
		1273DA3C2ABD66BD00DF1264 /* MelkDetailAttachment.swift */ = {isa = PBXFileReference; fileEncoding = 4; lastKnownFileType = sourcecode.swift; path = MelkDetailAttachment.swift; sourceTree = "<group>"; };
		1273DA3D2ABD66BD00DF1264 /* Melk.swift */ = {isa = PBXFileReference; fileEncoding = 4; lastKnownFileType = sourcecode.swift; path = Melk.swift; sourceTree = "<group>"; };
		1273DA3E2ABD66BD00DF1264 /* MelkDetail.swift */ = {isa = PBXFileReference; fileEncoding = 4; lastKnownFileType = sourcecode.swift; path = MelkDetail.swift; sourceTree = "<group>"; };
		1273DA422ABD759000DF1264 /* TokenManager.swift */ = {isa = PBXFileReference; fileEncoding = 4; lastKnownFileType = sourcecode.swift; path = TokenManager.swift; sourceTree = "<group>"; };
		1273DA442ABD763100DF1264 /* NetworkManager.swift */ = {isa = PBXFileReference; fileEncoding = 4; lastKnownFileType = sourcecode.swift; path = NetworkManager.swift; sourceTree = "<group>"; };
		1273DA462ABD767600DF1264 /* User.swift */ = {isa = PBXFileReference; fileEncoding = 4; lastKnownFileType = sourcecode.swift; path = User.swift; sourceTree = "<group>"; };
		1273DA482ABDAA6D00DF1264 /* CircularProgressView.swift */ = {isa = PBXFileReference; lastKnownFileType = sourcecode.swift; path = CircularProgressView.swift; sourceTree = "<group>"; };
		1273DA4B2ABDEC3B00DF1264 /* AmlakApp.sqlite */ = {isa = PBXFileReference; lastKnownFileType = file; path = AmlakApp.sqlite; sourceTree = "<group>"; };
		1273DA4C2ABDEC3B00DF1264 /* AmlakApp.sqlite-shm */ = {isa = PBXFileReference; lastKnownFileType = file; path = "AmlakApp.sqlite-shm"; sourceTree = "<group>"; };
		1273DA4D2ABDEC3B00DF1264 /* AmlakApp.sqlite-wal */ = {isa = PBXFileReference; lastKnownFileType = file; path = "AmlakApp.sqlite-wal"; sourceTree = "<group>"; };
		128DFB992ABD47E000658EAE /* LoginViewController.swift */ = {isa = PBXFileReference; lastKnownFileType = sourcecode.swift; path = LoginViewController.swift; sourceTree = "<group>"; };
		128DFB9D2ABD480900658EAE /* MelkDetailViewController.swift */ = {isa = PBXFileReference; lastKnownFileType = sourcecode.swift; path = MelkDetailViewController.swift; sourceTree = "<group>"; };
		128DFB9F2ABD481500658EAE /* MelkViewController.swift */ = {isa = PBXFileReference; lastKnownFileType = sourcecode.swift; path = MelkViewController.swift; sourceTree = "<group>"; };
		128DFBA12ABD482E00658EAE /* MelkDetailAttachmentViewController.swift */ = {isa = PBXFileReference; lastKnownFileType = sourcecode.swift; path = MelkDetailAttachmentViewController.swift; sourceTree = "<group>"; };
		128DFBA32ABD484600658EAE /* MelkTableViewCell.swift */ = {isa = PBXFileReference; lastKnownFileType = sourcecode.swift; path = MelkTableViewCell.swift; sourceTree = "<group>"; };
		128DFBA52ABD485200658EAE /* MelkDetailTableViewCell.swift */ = {isa = PBXFileReference; lastKnownFileType = sourcecode.swift; path = MelkDetailTableViewCell.swift; sourceTree = "<group>"; };
		128DFBA72ABD487100658EAE /* MelkDetailAttachmentTableViewCell.swift */ = {isa = PBXFileReference; lastKnownFileType = sourcecode.swift; path = MelkDetailAttachmentTableViewCell.swift; sourceTree = "<group>"; };
/* End PBXFileReference section */

/* Begin PBXFrameworksBuildPhase section */
		124591F22AB8D4C300E50CBA /* Frameworks */ = {
			isa = PBXFrameworksBuildPhase;
			buildActionMask = 2147483647;
			files = (
			);
			runOnlyForDeploymentPostprocessing = 0;
		};
/* End PBXFrameworksBuildPhase section */

/* Begin PBXGroup section */
		124591EC2AB8D4C300E50CBA = {
			isa = PBXGroup;
			children = (
				124591F72AB8D4C300E50CBA /* AmlakApp */,
				124591F62AB8D4C300E50CBA /* Products */,
			);
			sourceTree = "<group>";
		};
		124591F62AB8D4C300E50CBA /* Products */ = {
			isa = PBXGroup;
			children = (
				124591F52AB8D4C300E50CBA /* AmlakApp.app */,
			);
			name = Products;
			sourceTree = "<group>";
		};
		124591F72AB8D4C300E50CBA /* AmlakApp */ = {
			isa = PBXGroup;
			children = (
				1273DA4A2ABDEB8800DF1264 /* Db */,
				1273DA3A2ABD667B00DF1264 /* Domain */,
				128DFB942ABD478A00658EAE /* Views */,
				124591F82AB8D4C300E50CBA /* AppDelegate.swift */,
				1273DA422ABD759000DF1264 /* TokenManager.swift */,
				1273DA262ABD651F00DF1264 /* FetchMethods.swift */,
				1273DA442ABD763100DF1264 /* NetworkManager.swift */,
				1273DA242ABD553200DF1264 /* Utils.swift */,
				124591FA2AB8D4C300E50CBA /* SceneDelegate.swift */,
				124591FE2AB8D4C300E50CBA /* Main.storyboard */,
				124592042AB8D4C400E50CBA /* Assets.xcassets */,
				124592062AB8D4C400E50CBA /* LaunchScreen.storyboard */,
				124592092AB8D4C400E50CBA /* Info.plist */,
				124592012AB8D4C300E50CBA /* AmlakApp.xcdatamodeld */,
				1273DA482ABDAA6D00DF1264 /* CircularProgressView.swift */,
			);
			path = AmlakApp;
			sourceTree = "<group>";
		};
		1273DA3A2ABD667B00DF1264 /* Domain */ = {
			isa = PBXGroup;
			children = (
				1273DA3B2ABD66A600DF1264 /* Entities */,
			);
			path = Domain;
			sourceTree = "<group>";
		};
		1273DA3B2ABD66A600DF1264 /* Entities */ = {
			isa = PBXGroup;
			children = (
				1273DA3D2ABD66BD00DF1264 /* Melk.swift */,
				1273DA3E2ABD66BD00DF1264 /* MelkDetail.swift */,
				1273DA3C2ABD66BD00DF1264 /* MelkDetailAttachment.swift */,
				1273DA462ABD767600DF1264 /* User.swift */,
			);
			path = Entities;
			sourceTree = "<group>";
		};
		1273DA4A2ABDEB8800DF1264 /* Db */ = {
			isa = PBXGroup;
			children = (
				1273DA4B2ABDEC3B00DF1264 /* AmlakApp.sqlite */,
				1273DA4C2ABDEC3B00DF1264 /* AmlakApp.sqlite-shm */,
				1273DA4D2ABDEC3B00DF1264 /* AmlakApp.sqlite-wal */,
			);
			path = Db;
			sourceTree = "<group>";
		};
		128DFB942ABD478A00658EAE /* Views */ = {
			isa = PBXGroup;
			children = (
				128DFB992ABD47E000658EAE /* LoginViewController.swift */,
				128DFB952ABD47A000658EAE /* Tables */,
				128DFB962ABD47AB00658EAE /* Cells */,
			);
			path = Views;
			sourceTree = "<group>";
		};
		128DFB952ABD47A000658EAE /* Tables */ = {
			isa = PBXGroup;
			children = (
				128DFB9F2ABD481500658EAE /* MelkViewController.swift */,
				128DFB9D2ABD480900658EAE /* MelkDetailViewController.swift */,
				128DFBA12ABD482E00658EAE /* MelkDetailAttachmentViewController.swift */,
				1273DA222ABD4CF300DF1264 /* AttachmentViewController.swift */,
			);
			path = Tables;
			sourceTree = "<group>";
		};
		128DFB962ABD47AB00658EAE /* Cells */ = {
			isa = PBXGroup;
			children = (
				128DFBA32ABD484600658EAE /* MelkTableViewCell.swift */,
				128DFBA52ABD485200658EAE /* MelkDetailTableViewCell.swift */,
				128DFBA72ABD487100658EAE /* MelkDetailAttachmentTableViewCell.swift */,
			);
			path = Cells;
			sourceTree = "<group>";
		};
/* End PBXGroup section */

/* Begin PBXNativeTarget section */
		124591F42AB8D4C300E50CBA /* AmlakApp */ = {
			isa = PBXNativeTarget;
			buildConfigurationList = 1245920C2AB8D4C400E50CBA /* Build configuration list for PBXNativeTarget "AmlakApp" */;
			buildPhases = (
				124591F12AB8D4C300E50CBA /* Sources */,
				124591F22AB8D4C300E50CBA /* Frameworks */,
				124591F32AB8D4C300E50CBA /* Resources */,
			);
			buildRules = (
			);
			dependencies = (
			);
			name = AmlakApp;
			productName = AmlakApp;
			productReference = 124591F52AB8D4C300E50CBA /* AmlakApp.app */;
			productType = "com.apple.product-type.application";
		};
/* End PBXNativeTarget section */

/* Begin PBXProject section */
		124591ED2AB8D4C300E50CBA /* Project object */ = {
			isa = PBXProject;
			attributes = {
				BuildIndependentTargetsInParallel = 1;
				LastSwiftUpdateCheck = 1430;
				LastUpgradeCheck = 1430;
				TargetAttributes = {
					124591F42AB8D4C300E50CBA = {
						CreatedOnToolsVersion = 14.3.1;
					};
				};
			};
			buildConfigurationList = 124591F02AB8D4C300E50CBA /* Build configuration list for PBXProject "AmlakApp" */;
			compatibilityVersion = "Xcode 14.0";
			developmentRegion = en;
			hasScannedForEncodings = 0;
			knownRegions = (
				en,
				Base,
			);
			mainGroup = 124591EC2AB8D4C300E50CBA;
			productRefGroup = 124591F62AB8D4C300E50CBA /* Products */;
			projectDirPath = "";
			projectRoot = "";
			targets = (
				124591F42AB8D4C300E50CBA /* AmlakApp */,
			);
		};
/* End PBXProject section */

/* Begin PBXResourcesBuildPhase section */
		124591F32AB8D4C300E50CBA /* Resources */ = {
			isa = PBXResourcesBuildPhase;
			buildActionMask = 2147483647;
			files = (
				124592082AB8D4C400E50CBA /* LaunchScreen.storyboard in Resources */,
				124592052AB8D4C400E50CBA /* Assets.xcassets in Resources */,
				1273DA4E2ABDEC3B00DF1264 /* AmlakApp.sqlite in Resources */,
				124592002AB8D4C300E50CBA /* Main.storyboard in Resources */,
				1273DA4F2ABDEC3B00DF1264 /* AmlakApp.sqlite-shm in Resources */,
				1273DA502ABDEC3B00DF1264 /* AmlakApp.sqlite-wal in Resources */,
			);
			runOnlyForDeploymentPostprocessing = 0;
		};
/* End PBXResourcesBuildPhase section */

/* Begin PBXSourcesBuildPhase section */
		124591F12AB8D4C300E50CBA /* Sources */ = {
			isa = PBXSourcesBuildPhase;
			buildActionMask = 2147483647;
			files = (
				1273DA452ABD763100DF1264 /* NetworkManager.swift in Sources */,
				1273DA432ABD759100DF1264 /* TokenManager.swift in Sources */,
				128DFBA02ABD481500658EAE /* MelkViewController.swift in Sources */,
				124592032AB8D4C300E50CBA /* AmlakApp.xcdatamodeld in Sources */,
				128DFB9E2ABD480900658EAE /* MelkDetailViewController.swift in Sources */,
				128DFBA62ABD485200658EAE /* MelkDetailTableViewCell.swift in Sources */,
				128DFBA42ABD484600658EAE /* MelkTableViewCell.swift in Sources */,
				1273DA252ABD553200DF1264 /* Utils.swift in Sources */,
				128DFBA22ABD482E00658EAE /* MelkDetailAttachmentViewController.swift in Sources */,
				1273DA412ABD66BD00DF1264 /* MelkDetail.swift in Sources */,
				124591F92AB8D4C300E50CBA /* AppDelegate.swift in Sources */,
				128DFBA82ABD487100658EAE /* MelkDetailAttachmentTableViewCell.swift in Sources */,
				1273DA402ABD66BD00DF1264 /* Melk.swift in Sources */,
				1273DA232ABD4CF300DF1264 /* AttachmentViewController.swift in Sources */,
				1273DA3F2ABD66BD00DF1264 /* MelkDetailAttachment.swift in Sources */,
				128DFB9A2ABD47E000658EAE /* LoginViewController.swift in Sources */,
				1273DA272ABD651F00DF1264 /* FetchMethods.swift in Sources */,
				124591FB2AB8D4C300E50CBA /* SceneDelegate.swift in Sources */,
				1273DA492ABDAA6D00DF1264 /* CircularProgressView.swift in Sources */,
				1273DA472ABD767600DF1264 /* User.swift in Sources */,
			);
			runOnlyForDeploymentPostprocessing = 0;
		};
/* End PBXSourcesBuildPhase section */

/* Begin PBXVariantGroup section */
		124591FE2AB8D4C300E50CBA /* Main.storyboard */ = {
			isa = PBXVariantGroup;
			children = (
				124591FF2AB8D4C300E50CBA /* Base */,
			);
			name = Main.storyboard;
			sourceTree = "<group>";
		};
		124592062AB8D4C400E50CBA /* LaunchScreen.storyboard */ = {
			isa = PBXVariantGroup;
			children = (
				124592072AB8D4C400E50CBA /* Base */,
			);
			name = LaunchScreen.storyboard;
			sourceTree = "<group>";
		};
/* End PBXVariantGroup section */

/* Begin XCBuildConfiguration section */
		1245920A2AB8D4C400E50CBA /* Debug */ = {
			isa = XCBuildConfiguration;
			buildSettings = {
				ALWAYS_SEARCH_USER_PATHS = NO;
				CLANG_ANALYZER_NONNULL = YES;
				CLANG_ANALYZER_NUMBER_OBJECT_CONVERSION = YES_AGGRESSIVE;
				CLANG_CXX_LANGUAGE_STANDARD = "gnu++20";
				CLANG_ENABLE_MODULES = YES;
				CLANG_ENABLE_OBJC_ARC = YES;
				CLANG_ENABLE_OBJC_WEAK = YES;
				CLANG_WARN_BLOCK_CAPTURE_AUTORELEASING = YES;
				CLANG_WARN_BOOL_CONVERSION = YES;
				CLANG_WARN_COMMA = YES;
				CLANG_WARN_CONSTANT_CONVERSION = YES;
				CLANG_WARN_DEPRECATED_OBJC_IMPLEMENTATIONS = YES;
				CLANG_WARN_DIRECT_OBJC_ISA_USAGE = YES_ERROR;
				CLANG_WARN_DOCUMENTATION_COMMENTS = YES;
				CLANG_WARN_EMPTY_BODY = YES;
				CLANG_WARN_ENUM_CONVERSION = YES;
				CLANG_WARN_INFINITE_RECURSION = YES;
				CLANG_WARN_INT_CONVERSION = YES;
				CLANG_WARN_NON_LITERAL_NULL_CONVERSION = YES;
				CLANG_WARN_OBJC_IMPLICIT_RETAIN_SELF = YES;
				CLANG_WARN_OBJC_LITERAL_CONVERSION = YES;
				CLANG_WARN_OBJC_ROOT_CLASS = YES_ERROR;
				CLANG_WARN_QUOTED_INCLUDE_IN_FRAMEWORK_HEADER = YES;
				CLANG_WARN_RANGE_LOOP_ANALYSIS = YES;
				CLANG_WARN_STRICT_PROTOTYPES = YES;
				CLANG_WARN_SUSPICIOUS_MOVE = YES;
				CLANG_WARN_UNGUARDED_AVAILABILITY = YES_AGGRESSIVE;
				CLANG_WARN_UNREACHABLE_CODE = YES;
				CLANG_WARN__DUPLICATE_METHOD_MATCH = YES;
				COPY_PHASE_STRIP = NO;
				DEBUG_INFORMATION_FORMAT = dwarf;
				ENABLE_STRICT_OBJC_MSGSEND = YES;
				ENABLE_TESTABILITY = YES;
				GCC_C_LANGUAGE_STANDARD = gnu11;
				GCC_DYNAMIC_NO_PIC = NO;
				GCC_NO_COMMON_BLOCKS = YES;
				GCC_OPTIMIZATION_LEVEL = 0;
				GCC_PREPROCESSOR_DEFINITIONS = (
					"DEBUG=1",
					"$(inherited)",
				);
				GCC_WARN_64_TO_32_BIT_CONVERSION = YES;
				GCC_WARN_ABOUT_RETURN_TYPE = YES_ERROR;
				GCC_WARN_UNDECLARED_SELECTOR = YES;
				GCC_WARN_UNINITIALIZED_AUTOS = YES_AGGRESSIVE;
				GCC_WARN_UNUSED_FUNCTION = YES;
				GCC_WARN_UNUSED_VARIABLE = YES;
				IPHONEOS_DEPLOYMENT_TARGET = 16.4;
				MTL_ENABLE_DEBUG_INFO = INCLUDE_SOURCE;
				MTL_FAST_MATH = YES;
				ONLY_ACTIVE_ARCH = YES;
				SDKROOT = iphoneos;
				SWIFT_ACTIVE_COMPILATION_CONDITIONS = DEBUG;
				SWIFT_OPTIMIZATION_LEVEL = "-Onone";
			};
			name = Debug;
		};
		1245920B2AB8D4C400E50CBA /* Release */ = {
			isa = XCBuildConfiguration;
			buildSettings = {
				ALWAYS_SEARCH_USER_PATHS = NO;
				CLANG_ANALYZER_NONNULL = YES;
				CLANG_ANALYZER_NUMBER_OBJECT_CONVERSION = YES_AGGRESSIVE;
				CLANG_CXX_LANGUAGE_STANDARD = "gnu++20";
				CLANG_ENABLE_MODULES = YES;
				CLANG_ENABLE_OBJC_ARC = YES;
				CLANG_ENABLE_OBJC_WEAK = YES;
				CLANG_WARN_BLOCK_CAPTURE_AUTORELEASING = YES;
				CLANG_WARN_BOOL_CONVERSION = YES;
				CLANG_WARN_COMMA = YES;
				CLANG_WARN_CONSTANT_CONVERSION = YES;
				CLANG_WARN_DEPRECATED_OBJC_IMPLEMENTATIONS = YES;
				CLANG_WARN_DIRECT_OBJC_ISA_USAGE = YES_ERROR;
				CLANG_WARN_DOCUMENTATION_COMMENTS = YES;
				CLANG_WARN_EMPTY_BODY = YES;
				CLANG_WARN_ENUM_CONVERSION = YES;
				CLANG_WARN_INFINITE_RECURSION = YES;
				CLANG_WARN_INT_CONVERSION = YES;
				CLANG_WARN_NON_LITERAL_NULL_CONVERSION = YES;
				CLANG_WARN_OBJC_IMPLICIT_RETAIN_SELF = YES;
				CLANG_WARN_OBJC_LITERAL_CONVERSION = YES;
				CLANG_WARN_OBJC_ROOT_CLASS = YES_ERROR;
				CLANG_WARN_QUOTED_INCLUDE_IN_FRAMEWORK_HEADER = YES;
				CLANG_WARN_RANGE_LOOP_ANALYSIS = YES;
				CLANG_WARN_STRICT_PROTOTYPES = YES;
				CLANG_WARN_SUSPICIOUS_MOVE = YES;
				CLANG_WARN_UNGUARDED_AVAILABILITY = YES_AGGRESSIVE;
				CLANG_WARN_UNREACHABLE_CODE = YES;
				CLANG_WARN__DUPLICATE_METHOD_MATCH = YES;
				COPY_PHASE_STRIP = NO;
				DEBUG_INFORMATION_FORMAT = "dwarf-with-dsym";
				ENABLE_NS_ASSERTIONS = NO;
				ENABLE_STRICT_OBJC_MSGSEND = YES;
				GCC_C_LANGUAGE_STANDARD = gnu11;
				GCC_NO_COMMON_BLOCKS = YES;
				GCC_WARN_64_TO_32_BIT_CONVERSION = YES;
				GCC_WARN_ABOUT_RETURN_TYPE = YES_ERROR;
				GCC_WARN_UNDECLARED_SELECTOR = YES;
				GCC_WARN_UNINITIALIZED_AUTOS = YES_AGGRESSIVE;
				GCC_WARN_UNUSED_FUNCTION = YES;
				GCC_WARN_UNUSED_VARIABLE = YES;
				IPHONEOS_DEPLOYMENT_TARGET = 16.4;
				MTL_ENABLE_DEBUG_INFO = NO;
				MTL_FAST_MATH = YES;
				SDKROOT = iphoneos;
				SWIFT_COMPILATION_MODE = wholemodule;
				SWIFT_OPTIMIZATION_LEVEL = "-O";
				VALIDATE_PRODUCT = YES;
			};
			name = Release;
		};
		1245920D2AB8D4C400E50CBA /* Debug */ = {
			isa = XCBuildConfiguration;
			buildSettings = {
				ASSETCATALOG_COMPILER_APPICON_NAME = AppIcon;
				ASSETCATALOG_COMPILER_GLOBAL_ACCENT_COLOR_NAME = AccentColor;
				CODE_SIGN_STYLE = Automatic;
				CURRENT_PROJECT_VERSION = 1;
				DEVELOPMENT_TEAM = CTX9CZG2S8;
				GENERATE_INFOPLIST_FILE = YES;
				INFOPLIST_FILE = AmlakApp/Info.plist;
				INFOPLIST_KEY_UIApplicationSupportsIndirectInputEvents = YES;
				INFOPLIST_KEY_UILaunchStoryboardName = LaunchScreen;
				INFOPLIST_KEY_UIMainStoryboardFile = Main;
				INFOPLIST_KEY_UISupportedInterfaceOrientations_iPad = "UIInterfaceOrientationPortrait UIInterfaceOrientationPortraitUpsideDown UIInterfaceOrientationLandscapeLeft UIInterfaceOrientationLandscapeRight";
				INFOPLIST_KEY_UISupportedInterfaceOrientations_iPhone = "UIInterfaceOrientationPortrait UIInterfaceOrientationLandscapeLeft UIInterfaceOrientationLandscapeRight";
				LD_RUNPATH_SEARCH_PATHS = (
					"$(inherited)",
					"@executable_path/Frameworks",
				);
				MARKETING_VERSION = 1.0;
				PRODUCT_BUNDLE_IDENTIFIER = com.iptb.amlakapp.AmlakApp;
				PRODUCT_NAME = "$(TARGET_NAME)";
				SWIFT_EMIT_LOC_STRINGS = YES;
				SWIFT_VERSION = 5.0;
				TARGETED_DEVICE_FAMILY = "1,2";
			};
			name = Debug;
		};
		1245920E2AB8D4C400E50CBA /* Release */ = {
			isa = XCBuildConfiguration;
			buildSettings = {
				ASSETCATALOG_COMPILER_APPICON_NAME = AppIcon;
				ASSETCATALOG_COMPILER_GLOBAL_ACCENT_COLOR_NAME = AccentColor;
				CODE_SIGN_STYLE = Automatic;
				CURRENT_PROJECT_VERSION = 1;
				DEVELOPMENT_TEAM = CTX9CZG2S8;
				GENERATE_INFOPLIST_FILE = YES;
				INFOPLIST_FILE = AmlakApp/Info.plist;
				INFOPLIST_KEY_UIApplicationSupportsIndirectInputEvents = YES;
				INFOPLIST_KEY_UILaunchStoryboardName = LaunchScreen;
				INFOPLIST_KEY_UIMainStoryboardFile = Main;
				INFOPLIST_KEY_UISupportedInterfaceOrientations_iPad = "UIInterfaceOrientationPortrait UIInterfaceOrientationPortraitUpsideDown UIInterfaceOrientationLandscapeLeft UIInterfaceOrientationLandscapeRight";
				INFOPLIST_KEY_UISupportedInterfaceOrientations_iPhone = "UIInterfaceOrientationPortrait UIInterfaceOrientationLandscapeLeft UIInterfaceOrientationLandscapeRight";
				LD_RUNPATH_SEARCH_PATHS = (
					"$(inherited)",
					"@executable_path/Frameworks",
				);
				MARKETING_VERSION = 1.0;
				PRODUCT_BUNDLE_IDENTIFIER = com.iptb.amlakapp.AmlakApp;
				PRODUCT_NAME = "$(TARGET_NAME)";
				SWIFT_EMIT_LOC_STRINGS = YES;
				SWIFT_VERSION = 5.0;
				TARGETED_DEVICE_FAMILY = "1,2";
			};
			name = Release;
		};
/* End XCBuildConfiguration section */

/* Begin XCConfigurationList section */
		124591F02AB8D4C300E50CBA /* Build configuration list for PBXProject "AmlakApp" */ = {
			isa = XCConfigurationList;
			buildConfigurations = (
				1245920A2AB8D4C400E50CBA /* Debug */,
				1245920B2AB8D4C400E50CBA /* Release */,
			);
			defaultConfigurationIsVisible = 0;
			defaultConfigurationName = Release;
		};
		1245920C2AB8D4C400E50CBA /* Build configuration list for PBXNativeTarget "AmlakApp" */ = {
			isa = XCConfigurationList;
			buildConfigurations = (
				1245920D2AB8D4C400E50CBA /* Debug */,
				1245920E2AB8D4C400E50CBA /* Release */,
			);
			defaultConfigurationIsVisible = 0;
			defaultConfigurationName = Release;
		};
/* End XCConfigurationList section */

/* Begin XCVersionGroup section */
		124592012AB8D4C300E50CBA /* AmlakApp.xcdatamodeld */ = {
			isa = XCVersionGroup;
			children = (
				124592022AB8D4C300E50CBA /* AmlakApp.xcdatamodel */,
			);
			currentVersion = 124592022AB8D4C300E50CBA /* AmlakApp.xcdatamodel */;
			path = AmlakApp.xcdatamodeld;
			sourceTree = "<group>";
			versionGroupType = wrapper.xcdatamodel;
		};
/* End XCVersionGroup section */
	};
	rootObject = 124591ED2AB8D4C300E50CBA /* Project object */;
}
